
Microsoft Visual Studio Solution File, Format Version 12.00
# Visual Studio Version 17
VisualStudioVersion = 17.2.32630.192
MinimumVisualStudioVersion = 10.0.40219.1
Project("{FAE04EC0-301F-11D3-BF4B-00C04F79EFBC}") = "Space Shooter", "Space Shooter.csproj", "{6B4A7B09-72F6-41D0-828E-D2955D0BBDCA}"
EndProject
Global
	GlobalSection(SolutionConfigurationPlatforms) = preSolution
		Debug|Any CPU = Debug|Any CPU
		Release|Any CPU = Release|Any CPU
	EndGlobalSection
	GlobalSection(ProjectConfigurationPlatforms) = postSolution
		{6B4A7B09-72F6-41D0-828E-D2955D0BBDCA}.Debug|Any CPU.ActiveCfg = Debug|Any CPU
		{6B4A7B09-72F6-41D0-828E-D2955D0BBDCA}.Debug|Any CPU.Build.0 = Debug|Any CPU
		{6B4A7B09-72F6-41D0-828E-D2955D0BBDCA}.Release|Any CPU.ActiveCfg = Release|Any CPU
		{6B4A7B09-72F6-41D0-828E-D2955D0BBDCA}.Release|Any CPU.Build.0 = Release|Any CPU
	EndGlobalSection
	GlobalSection(SolutionProperties) = preSolution
		HideSolutionNode = FALSE
	EndGlobalSection
	GlobalSection(ExtensibilityGlobals) = postSolution
		SolutionGuid = {22C736E6-9095-4FBB-98A8-D007BDE33A8B}
	EndGlobalSection
EndGlobal
